
Microsoft Visual Studio Solution File, Format Version 12.00
# Visual Studio Version 17
VisualStudioVersion = 17.5.33516.290
MinimumVisualStudioVersion = 10.0.40219.1
Project("{8BC9CEB8-8B4A-11D0-8D11-00A0C91BC942}") = "win-cng-cryption", "win-cng-cryption\win-cng-cryption.vcxproj", "{16039504-5879-4B1A-B4C2-DB255FFF619E}"
	ProjectSection(ProjectDependencies) = postProject
		{0F3AE062-A87E-4B5A-8DB7-DB6E10E09917} = {0F3AE062-A87E-4B5A-8DB7-DB6E10E09917}
	EndProjectSection
EndProject
Project("{8BC9CEB8-8B4A-11D0-8D11-00A0C91BC942}") = "wincng_crypt_lib", "wincng_crypt_lib\wincng_crypt_lib.vcxproj", "{0F3AE062-A87E-4B5A-8DB7-DB6E10E09917}"
EndProject
Global
	GlobalSection(SolutionConfigurationPlatforms) = preSolution
		Debug|x64 = Debug|x64
		Debug|x86 = Debug|x86
		Release|x64 = Release|x64
		Release|x86 = Release|x86
	EndGlobalSection
	GlobalSection(ProjectConfigurationPlatforms) = postSolution
		{16039504-5879-4B1A-B4C2-DB255FFF619E}.Debug|x64.ActiveCfg = Debug|x64
		{16039504-5879-4B1A-B4C2-DB255FFF619E}.Debug|x64.Build.0 = Debug|x64
		{16039504-5879-4B1A-B4C2-DB255FFF619E}.Debug|x86.ActiveCfg = Debug|Win32
		{16039504-5879-4B1A-B4C2-DB255FFF619E}.Debug|x86.Build.0 = Debug|Win32
		{16039504-5879-4B1A-B4C2-DB255FFF619E}.Release|x64.ActiveCfg = Release|x64
		{16039504-5879-4B1A-B4C2-DB255FFF619E}.Release|x64.Build.0 = Release|x64
		{16039504-5879-4B1A-B4C2-DB255FFF619E}.Release|x86.ActiveCfg = Release|Win32
		{16039504-5879-4B1A-B4C2-DB255FFF619E}.Release|x86.Build.0 = Release|Win32
		{0F3AE062-A87E-4B5A-8DB7-DB6E10E09917}.Debug|x64.ActiveCfg = Debug|x64
		{0F3AE062-A87E-4B5A-8DB7-DB6E10E09917}.Debug|x64.Build.0 = Debug|x64
		{0F3AE062-A87E-4B5A-8DB7-DB6E10E09917}.Debug|x86.ActiveCfg = Debug|Win32
		{0F3AE062-A87E-4B5A-8DB7-DB6E10E09917}.Debug|x86.Build.0 = Debug|Win32
		{0F3AE062-A87E-4B5A-8DB7-DB6E10E09917}.Release|x64.ActiveCfg = Release|x64
		{0F3AE062-A87E-4B5A-8DB7-DB6E10E09917}.Release|x64.Build.0 = Release|x64
		{0F3AE062-A87E-4B5A-8DB7-DB6E10E09917}.Release|x86.ActiveCfg = Release|Win32
		{0F3AE062-A87E-4B5A-8DB7-DB6E10E09917}.Release|x86.Build.0 = Release|Win32
	EndGlobalSection
	GlobalSection(SolutionProperties) = preSolution
		HideSolutionNode = FALSE
	EndGlobalSection
	GlobalSection(ExtensibilityGlobals) = postSolution
		SolutionGuid = {BB942A6F-D88C-44B6-A6FF-50129E8A89C8}
	EndGlobalSection
EndGlobal
